// !$*UTF8*$!
{
	archiveVersion = 1;
	classes = {
	};
	objectVersion = 55;
	objects = {

/* Begin PBXBuildFile section */
		C5120A2027C06D39001CC539 /* Kingfisher in Frameworks */ = {isa = PBXBuildFile; productRef = C5120A1F27C06D39001CC539 /* Kingfisher */; };
		C5120A2227C07F4E001CC539 /* GameView.swift in Sources */ = {isa = PBXBuildFile; fileRef = C5120A2127C07F4E001CC539 /* GameView.swift */; };
		C58D4AFE27C5C33E00D784B2 /* SearchGameViewModel.swift in Sources */ = {isa = PBXBuildFile; fileRef = C58D4AFD27C5C33D00D784B2 /* SearchGameViewModel.swift */; };
		C5AEBF1A27ACB5CE00C1FACE /* GamesView.swift in Sources */ = {isa = PBXBuildFile; fileRef = C5AEBF1927ACB5CE00C1FACE /* GamesView.swift */; };
		C5AEBF1C27ACB70300C1FACE /* GameModel.swift in Sources */ = {isa = PBXBuildFile; fileRef = C5AEBF1B27ACB70300C1FACE /* GameModel.swift */; };
		C5AEBF1E27ACB72A00C1FACE /* GamesViewModel.swift in Sources */ = {isa = PBXBuildFile; fileRef = C5AEBF1D27ACB72A00C1FACE /* GamesViewModel.swift */; };
		C5DADAE027A9F2A80090C2D5 /* HomeView.swift in Sources */ = {isa = PBXBuildFile; fileRef = C5DADADF27A9F2A80090C2D5 /* HomeView.swift */; };
		C5FA3F3B2796419B0035512A /* GameStreamApp.swift in Sources */ = {isa = PBXBuildFile; fileRef = C5FA3F3A2796419B0035512A /* GameStreamApp.swift */; };
		C5FA3F3D2796419B0035512A /* ContentView.swift in Sources */ = {isa = PBXBuildFile; fileRef = C5FA3F3C2796419B0035512A /* ContentView.swift */; };
		C5FA3F3F2796419F0035512A /* Assets.xcassets in Resources */ = {isa = PBXBuildFile; fileRef = C5FA3F3E2796419F0035512A /* Assets.xcassets */; };
		C5FA3F422796419F0035512A /* Preview Assets.xcassets in Resources */ = {isa = PBXBuildFile; fileRef = C5FA3F412796419F0035512A /* Preview Assets.xcassets */; };
/* End PBXBuildFile section */

/* Begin PBXFileReference section */
		C5120A2127C07F4E001CC539 /* GameView.swift */ = {isa = PBXFileReference; lastKnownFileType = sourcecode.swift; path = GameView.swift; sourceTree = "<group>"; };
		C58D4AFD27C5C33D00D784B2 /* SearchGameViewModel.swift */ = {isa = PBXFileReference; lastKnownFileType = sourcecode.swift; path = SearchGameViewModel.swift; sourceTree = "<group>"; };
		C5AEBF1927ACB5CE00C1FACE /* GamesView.swift */ = {isa = PBXFileReference; lastKnownFileType = sourcecode.swift; path = GamesView.swift; sourceTree = "<group>"; };
		C5AEBF1B27ACB70300C1FACE /* GameModel.swift */ = {isa = PBXFileReference; lastKnownFileType = sourcecode.swift; path = GameModel.swift; sourceTree = "<group>"; };
		C5AEBF1D27ACB72A00C1FACE /* GamesViewModel.swift */ = {isa = PBXFileReference; lastKnownFileType = sourcecode.swift; path = GamesViewModel.swift; sourceTree = "<group>"; };
		C5DADADF27A9F2A80090C2D5 /* HomeView.swift */ = {isa = PBXFileReference; lastKnownFileType = sourcecode.swift; path = HomeView.swift; sourceTree = "<group>"; };
		C5FA3F372796419B0035512A /* GameStream.app */ = {isa = PBXFileReference; explicitFileType = wrapper.application; includeInIndex = 0; path = GameStream.app; sourceTree = BUILT_PRODUCTS_DIR; };
		C5FA3F3A2796419B0035512A /* GameStreamApp.swift */ = {isa = PBXFileReference; lastKnownFileType = sourcecode.swift; path = GameStreamApp.swift; sourceTree = "<group>"; };
		C5FA3F3C2796419B0035512A /* ContentView.swift */ = {isa = PBXFileReference; lastKnownFileType = sourcecode.swift; path = ContentView.swift; sourceTree = "<group>"; };
		C5FA3F3E2796419F0035512A /* Assets.xcassets */ = {isa = PBXFileReference; lastKnownFileType = folder.assetcatalog; path = Assets.xcassets; sourceTree = "<group>"; };
		C5FA3F412796419F0035512A /* Preview Assets.xcassets */ = {isa = PBXFileReference; lastKnownFileType = folder.assetcatalog; path = "Preview Assets.xcassets"; sourceTree = "<group>"; };
/* End PBXFileReference section */

/* Begin PBXFrameworksBuildPhase section */
		C5FA3F342796419B0035512A /* Frameworks */ = {
			isa = PBXFrameworksBuildPhase;
			buildActionMask = 2147483647;
			files = (
				C5120A2027C06D39001CC539 /* Kingfisher in Frameworks */,
			);
			runOnlyForDeploymentPostprocessing = 0;
		};
/* End PBXFrameworksBuildPhase section */

/* Begin PBXGroup section */
		C5AEBF1627ACB53E00C1FACE /* Model */ = {
			isa = PBXGroup;
			children = (
				C5AEBF1B27ACB70300C1FACE /* GameModel.swift */,
			);
			path = Model;
			sourceTree = "<group>";
		};
		C5AEBF1727ACB54600C1FACE /* View */ = {
			isa = PBXGroup;
			children = (
				C5FA3F3C2796419B0035512A /* ContentView.swift */,
				C5AEBF1927ACB5CE00C1FACE /* GamesView.swift */,
				C5DADADF27A9F2A80090C2D5 /* HomeView.swift */,
				C5120A2127C07F4E001CC539 /* GameView.swift */,
			);
			path = View;
			sourceTree = "<group>";
		};
		C5AEBF1827ACB55100C1FACE /* ViewModel */ = {
			isa = PBXGroup;
			children = (
				C5AEBF1D27ACB72A00C1FACE /* GamesViewModel.swift */,
				C58D4AFD27C5C33D00D784B2 /* SearchGameViewModel.swift */,
			);
			path = ViewModel;
			sourceTree = "<group>";
		};
		C5FA3F2E2796419A0035512A = {
			isa = PBXGroup;
			children = (
				C5FA3F392796419B0035512A /* GameStream */,
				C5FA3F382796419B0035512A /* Products */,
			);
			sourceTree = "<group>";
		};
		C5FA3F382796419B0035512A /* Products */ = {
			isa = PBXGroup;
			children = (
				C5FA3F372796419B0035512A /* GameStream.app */,
			);
			name = Products;
			sourceTree = "<group>";
		};
		C5FA3F392796419B0035512A /* GameStream */ = {
			isa = PBXGroup;
			children = (
				C5AEBF1627ACB53E00C1FACE /* Model */,
				C5AEBF1727ACB54600C1FACE /* View */,
				C5AEBF1827ACB55100C1FACE /* ViewModel */,
				C5FA3F3A2796419B0035512A /* GameStreamApp.swift */,
				C5FA3F3E2796419F0035512A /* Assets.xcassets */,
				C5FA3F402796419F0035512A /* Preview Content */,
			);
			path = GameStream;
			sourceTree = "<group>";
		};
		C5FA3F402796419F0035512A /* Preview Content */ = {
			isa = PBXGroup;
			children = (
				C5FA3F412796419F0035512A /* Preview Assets.xcassets */,
			);
			path = "Preview Content";
			sourceTree = "<group>";
		};
/* End PBXGroup section */

/* Begin PBXNativeTarget section */
		C5FA3F362796419B0035512A /* GameStream */ = {
			isa = PBXNativeTarget;
			buildConfigurationList = C5FA3F452796419F0035512A /* Build configuration list for PBXNativeTarget "GameStream" */;
			buildPhases = (
				C5FA3F332796419B0035512A /* Sources */,
				C5FA3F342796419B0035512A /* Frameworks */,
				C5FA3F352796419B0035512A /* Resources */,
			);
			buildRules = (
			);
			dependencies = (
			);
			name = GameStream;
			packageProductDependencies = (
				C5120A1F27C06D39001CC539 /* Kingfisher */,
			);
			productName = GameStream;
			productReference = C5FA3F372796419B0035512A /* GameStream.app */;
			productType = "com.apple.product-type.application";
		};
/* End PBXNativeTarget section */

/* Begin PBXProject section */
		C5FA3F2F2796419A0035512A /* Project object */ = {
			isa = PBXProject;
			attributes = {
				BuildIndependentTargetsInParallel = 1;
				LastSwiftUpdateCheck = 1310;
				LastUpgradeCheck = 1310;
				TargetAttributes = {
					C5FA3F362796419B0035512A = {
						CreatedOnToolsVersion = 13.1;
					};
				};
			};
			buildConfigurationList = C5FA3F322796419A0035512A /* Build configuration list for PBXProject "GameStream" */;
			compatibilityVersion = "Xcode 13.0";
			developmentRegion = en;
			hasScannedForEncodings = 0;
			knownRegions = (
				en,
				Base,
			);
			mainGroup = C5FA3F2E2796419A0035512A;
			packageReferences = (
				C5120A1E27C06D39001CC539 /* XCRemoteSwiftPackageReference "Kingfisher" */,
			);
			productRefGroup = C5FA3F382796419B0035512A /* Products */;
			projectDirPath = "";
			projectRoot = "";
			targets = (
				C5FA3F362796419B0035512A /* GameStream */,
			);
		};
/* End PBXProject section */

/* Begin PBXResourcesBuildPhase section */
		C5FA3F352796419B0035512A /* Resources */ = {
			isa = PBXResourcesBuildPhase;
			buildActionMask = 2147483647;
			files = (
				C5FA3F422796419F0035512A /* Preview Assets.xcassets in Resources */,
				C5FA3F3F2796419F0035512A /* Assets.xcassets in Resources */,
			);
			runOnlyForDeploymentPostprocessing = 0;
		};
/* End PBXResourcesBuildPhase section */

/* Begin PBXSourcesBuildPhase section */
		C5FA3F332796419B0035512A /* Sources */ = {
			isa = PBXSourcesBuildPhase;
			buildActionMask = 2147483647;
			files = (
				C58D4AFE27C5C33E00D784B2 /* SearchGameViewModel.swift in Sources */,
				C5AEBF1C27ACB70300C1FACE /* GameModel.swift in Sources */,
				C5DADAE027A9F2A80090C2D5 /* HomeView.swift in Sources */,
				C5AEBF1E27ACB72A00C1FACE /* GamesViewModel.swift in Sources */,
				C5FA3F3D2796419B0035512A /* ContentView.swift in Sources */,
				C5AEBF1A27ACB5CE00C1FACE /* GamesView.swift in Sources */,
				C5FA3F3B2796419B0035512A /* GameStreamApp.swift in Sources */,
				C5120A2227C07F4E001CC539 /* GameView.swift in Sources */,
			);
			runOnlyForDeploymentPostprocessing = 0;
		};
/* End PBXSourcesBuildPhase section */

/* Begin XCBuildConfiguration section */
		C5FA3F432796419F0035512A /* Debug */ = {
			isa = XCBuildConfiguration;
			buildSettings = {
				ALWAYS_SEARCH_USER_PATHS = NO;
				CLANG_ANALYZER_NONNULL = YES;
				CLANG_ANALYZER_NUMBER_OBJECT_CONVERSION = YES_AGGRESSIVE;
				CLANG_CXX_LANGUAGE_STANDARD = "gnu++17";
				CLANG_CXX_LIBRARY = "libc++";
				CLANG_ENABLE_MODULES = YES;
				CLANG_ENABLE_OBJC_ARC = YES;
				CLANG_ENABLE_OBJC_WEAK = YES;
				CLANG_WARN_BLOCK_CAPTURE_AUTORELEASING = YES;
				CLANG_WARN_BOOL_CONVERSION = YES;
				CLANG_WARN_COMMA = YES;
				CLANG_WARN_CONSTANT_CONVERSION = YES;
				CLANG_WARN_DEPRECATED_OBJC_IMPLEMENTATIONS = YES;
				CLANG_WARN_DIRECT_OBJC_ISA_USAGE = YES_ERROR;
				CLANG_WARN_DOCUMENTATION_COMMENTS = YES;
				CLANG_WARN_EMPTY_BODY = YES;
				CLANG_WARN_ENUM_CONVERSION = YES;
				CLANG_WARN_INFINITE_RECURSION = YES;
				CLANG_WARN_INT_CONVERSION = YES;
				CLANG_WARN_NON_LITERAL_NULL_CONVERSION = YES;
				CLANG_WARN_OBJC_IMPLICIT_RETAIN_SELF = YES;
				CLANG_WARN_OBJC_LITERAL_CONVERSION = YES;
				CLANG_WARN_OBJC_ROOT_CLASS = YES_ERROR;
				CLANG_WARN_QUOTED_INCLUDE_IN_FRAMEWORK_HEADER = YES;
				CLANG_WARN_RANGE_LOOP_ANALYSIS = YES;
				CLANG_WARN_STRICT_PROTOTYPES = YES;
				CLANG_WARN_SUSPICIOUS_MOVE = YES;
				CLANG_WARN_UNGUARDED_AVAILABILITY = YES_AGGRESSIVE;
				CLANG_WARN_UNREACHABLE_CODE = YES;
				CLANG_WARN__DUPLICATE_METHOD_MATCH = YES;
				COPY_PHASE_STRIP = NO;
				DEBUG_INFORMATION_FORMAT = dwarf;
				ENABLE_STRICT_OBJC_MSGSEND = YES;
				ENABLE_TESTABILITY = YES;
				GCC_C_LANGUAGE_STANDARD = gnu11;
				GCC_DYNAMIC_NO_PIC = NO;
				GCC_NO_COMMON_BLOCKS = YES;
				GCC_OPTIMIZATION_LEVEL = 0;
				GCC_PREPROCESSOR_DEFINITIONS = (
					"DEBUG=1",
					"$(inherited)",
				);
				GCC_WARN_64_TO_32_BIT_CONVERSION = YES;
				GCC_WARN_ABOUT_RETURN_TYPE = YES_ERROR;
				GCC_WARN_UNDECLARED_SELECTOR = YES;
				GCC_WARN_UNINITIALIZED_AUTOS = YES_AGGRESSIVE;
				GCC_WARN_UNUSED_FUNCTION = YES;
				GCC_WARN_UNUSED_VARIABLE = YES;
				IPHONEOS_DEPLOYMENT_TARGET = 15.0;
				MTL_ENABLE_DEBUG_INFO = INCLUDE_SOURCE;
				MTL_FAST_MATH = YES;
				ONLY_ACTIVE_ARCH = YES;
				SDKROOT = iphoneos;
				SWIFT_ACTIVE_COMPILATION_CONDITIONS = DEBUG;
				SWIFT_OPTIMIZATION_LEVEL = "-Onone";
			};
			name = Debug;
		};
		C5FA3F442796419F0035512A /* Release */ = {
			isa = XCBuildConfiguration;
			buildSettings = {
				ALWAYS_SEARCH_USER_PATHS = NO;
				CLANG_ANALYZER_NONNULL = YES;
				CLANG_ANALYZER_NUMBER_OBJECT_CONVERSION = YES_AGGRESSIVE;
				CLANG_CXX_LANGUAGE_STANDARD = "gnu++17";
				CLANG_CXX_LIBRARY = "libc++";
				CLANG_ENABLE_MODULES = YES;
				CLANG_ENABLE_OBJC_ARC = YES;
				CLANG_ENABLE_OBJC_WEAK = YES;
				CLANG_WARN_BLOCK_CAPTURE_AUTORELEASING = YES;
				CLANG_WARN_BOOL_CONVERSION = YES;
				CLANG_WARN_COMMA = YES;
				CLANG_WARN_CONSTANT_CONVERSION = YES;
				CLANG_WARN_DEPRECATED_OBJC_IMPLEMENTATIONS = YES;
				CLANG_WARN_DIRECT_OBJC_ISA_USAGE = YES_ERROR;
				CLANG_WARN_DOCUMENTATION_COMMENTS = YES;
				CLANG_WARN_EMPTY_BODY = YES;
				CLANG_WARN_ENUM_CONVERSION = YES;
				CLANG_WARN_INFINITE_RECURSION = YES;
				CLANG_WARN_INT_CONVERSION = YES;
				CLANG_WARN_NON_LITERAL_NULL_CONVERSION = YES;
				CLANG_WARN_OBJC_IMPLICIT_RETAIN_SELF = YES;
				CLANG_WARN_OBJC_LITERAL_CONVERSION = YES;
				CLANG_WARN_OBJC_ROOT_CLASS = YES_ERROR;
				CLANG_WARN_QUOTED_INCLUDE_IN_FRAMEWORK_HEADER = YES;
				CLANG_WARN_RANGE_LOOP_ANALYSIS = YES;
				CLANG_WARN_STRICT_PROTOTYPES = YES;
				CLANG_WARN_SUSPICIOUS_MOVE = YES;
				CLANG_WARN_UNGUARDED_AVAILABILITY = YES_AGGRESSIVE;
				CLANG_WARN_UNREACHABLE_CODE = YES;
				CLANG_WARN__DUPLICATE_METHOD_MATCH = YES;
				COPY_PHASE_STRIP = NO;
				DEBUG_INFORMATION_FORMAT = "dwarf-with-dsym";
				ENABLE_NS_ASSERTIONS = NO;
				ENABLE_STRICT_OBJC_MSGSEND = YES;
				GCC_C_LANGUAGE_STANDARD = gnu11;
				GCC_NO_COMMON_BLOCKS = YES;
				GCC_WARN_64_TO_32_BIT_CONVERSION = YES;
				GCC_WARN_ABOUT_RETURN_TYPE = YES_ERROR;
				GCC_WARN_UNDECLARED_SELECTOR = YES;
				GCC_WARN_UNINITIALIZED_AUTOS = YES_AGGRESSIVE;
				GCC_WARN_UNUSED_FUNCTION = YES;
				GCC_WARN_UNUSED_VARIABLE = YES;
				IPHONEOS_DEPLOYMENT_TARGET = 15.0;
				MTL_ENABLE_DEBUG_INFO = NO;
				MTL_FAST_MATH = YES;
				SDKROOT = iphoneos;
				SWIFT_COMPILATION_MODE = wholemodule;
				SWIFT_OPTIMIZATION_LEVEL = "-O";
				VALIDATE_PRODUCT = YES;
			};
			name = Release;
		};
		C5FA3F462796419F0035512A /* Debug */ = {
			isa = XCBuildConfiguration;
			buildSettings = {
				ASSETCATALOG_COMPILER_APPICON_NAME = AppIcon;
				ASSETCATALOG_COMPILER_GLOBAL_ACCENT_COLOR_NAME = AccentColor;
				CODE_SIGN_STYLE = Automatic;
				CURRENT_PROJECT_VERSION = 1;
				DEVELOPMENT_ASSET_PATHS = "\"GameStream/Preview Content\"";
				DEVELOPMENT_TEAM = BU8ZH96GXD;
				ENABLE_PREVIEWS = YES;
				GENERATE_INFOPLIST_FILE = YES;
				INFOPLIST_KEY_UIApplicationSceneManifest_Generation = YES;
				INFOPLIST_KEY_UIApplicationSupportsIndirectInputEvents = YES;
				INFOPLIST_KEY_UILaunchScreen_Generation = YES;
				INFOPLIST_KEY_UISupportedInterfaceOrientations_iPad = "UIInterfaceOrientationPortrait UIInterfaceOrientationPortraitUpsideDown UIInterfaceOrientationLandscapeLeft UIInterfaceOrientationLandscapeRight";
				INFOPLIST_KEY_UISupportedInterfaceOrientations_iPhone = "UIInterfaceOrientationPortrait UIInterfaceOrientationLandscapeLeft UIInterfaceOrientationLandscapeRight";
				LD_RUNPATH_SEARCH_PATHS = (
					"$(inherited)",
					"@executable_path/Frameworks",
				);
				MARKETING_VERSION = 1.0;
				PRODUCT_BUNDLE_IDENTIFIER = mx.lemonbyte.GameStream;
				PRODUCT_NAME = "$(TARGET_NAME)";
				SWIFT_EMIT_LOC_STRINGS = YES;
				SWIFT_VERSION = 5.0;
				TARGETED_DEVICE_FAMILY = "1,2";
			};
			name = Debug;
		};
		C5FA3F472796419F0035512A /* Release */ = {
			isa = XCBuildConfiguration;
			buildSettings = {
				ASSETCATALOG_COMPILER_APPICON_NAME = AppIcon;
				ASSETCATALOG_COMPILER_GLOBAL_ACCENT_COLOR_NAME = AccentColor;
				CODE_SIGN_STYLE = Automatic;
				CURRENT_PROJECT_VERSION = 1;
				DEVELOPMENT_ASSET_PATHS = "\"GameStream/Preview Content\"";
				DEVELOPMENT_TEAM = BU8ZH96GXD;
				ENABLE_PREVIEWS = YES;
				GENERATE_INFOPLIST_FILE = YES;
				INFOPLIST_KEY_UIApplicationSceneManifest_Generation = YES;
				INFOPLIST_KEY_UIApplicationSupportsIndirectInputEvents = YES;
				INFOPLIST_KEY_UILaunchScreen_Generation = YES;
				INFOPLIST_KEY_UISupportedInterfaceOrientations_iPad = "UIInterfaceOrientationPortrait UIInterfaceOrientationPortraitUpsideDown UIInterfaceOrientationLandscapeLeft UIInterfaceOrientationLandscapeRight";
				INFOPLIST_KEY_UISupportedInterfaceOrientations_iPhone = "UIInterfaceOrientationPortrait UIInterfaceOrientationLandscapeLeft UIInterfaceOrientationLandscapeRight";
				LD_RUNPATH_SEARCH_PATHS = (
					"$(inherited)",
					"@executable_path/Frameworks",
				);
				MARKETING_VERSION = 1.0;
				PRODUCT_BUNDLE_IDENTIFIER = mx.lemonbyte.GameStream;
				PRODUCT_NAME = "$(TARGET_NAME)";
				SWIFT_EMIT_LOC_STRINGS = YES;
				SWIFT_VERSION = 5.0;
				TARGETED_DEVICE_FAMILY = "1,2";
			};
			name = Release;
		};
/* End XCBuildConfiguration section */

/* Begin XCConfigurationList section */
		C5FA3F322796419A0035512A /* Build configuration list for PBXProject "GameStream" */ = {
			isa = XCConfigurationList;
			buildConfigurations = (
				C5FA3F432796419F0035512A /* Debug */,
				C5FA3F442796419F0035512A /* Release */,
			);
			defaultConfigurationIsVisible = 0;
			defaultConfigurationName = Release;
		};
		C5FA3F452796419F0035512A /* Build configuration list for PBXNativeTarget "GameStream" */ = {
			isa = XCConfigurationList;
			buildConfigurations = (
				C5FA3F462796419F0035512A /* Debug */,
				C5FA3F472796419F0035512A /* Release */,
			);
			defaultConfigurationIsVisible = 0;
			defaultConfigurationName = Release;
		};
/* End XCConfigurationList section */

/* Begin XCRemoteSwiftPackageReference section */
		C5120A1E27C06D39001CC539 /* XCRemoteSwiftPackageReference "Kingfisher" */ = {
			isa = XCRemoteSwiftPackageReference;
			repositoryURL = "https://github.com/onevcat/Kingfisher.git";
			requirement = {
				kind = upToNextMajorVersion;
				minimumVersion = 7.0.0;
			};
		};
/* End XCRemoteSwiftPackageReference section */

/* Begin XCSwiftPackageProductDependency section */
		C5120A1F27C06D39001CC539 /* Kingfisher */ = {
			isa = XCSwiftPackageProductDependency;
			package = C5120A1E27C06D39001CC539 /* XCRemoteSwiftPackageReference "Kingfisher" */;
			productName = Kingfisher;
		};
/* End XCSwiftPackageProductDependency section */
	};
	rootObject = C5FA3F2F2796419A0035512A /* Project object */;
}
